{
  "name": "viewerrequest",
  "version": "1.0.0",
  "lockfileVersion": 2,
  "requires": true,
  "packages": {
    "": {
      "name": "viewerrequest",
      "version": "1.0.0",
      "license": "ISC",
      "dependencies": {
        "cookie": "^0.5.0",
        "jose": "^4.12.0"
      }
    },
    "node_modules/cookie": {
      "version": "0.5.0",
      "resolved": "https://registry.npmjs.org/cookie/-/cookie-0.5.0.tgz",
      "integrity": "sha512-YZ3GUyn/o8gfKJlnlX7g7xq4gyO6OSuhGPKaaGssGB2qgDUS0gPgtTvoyZLTt9Ab6dC4hfc9dV5arkvc/OCmrw==",
      "engines": {
        "node": ">= 0.6"
      }
    },
    "node_modules/jose": {
      "version": "4.12.0",
      "resolved": "https://registry.npmjs.org/jose/-/jose-4.12.0.tgz",
      "integrity": "sha512-wW1u3cK81b+SFcHjGC8zw87yuyUweEFe0UJirrXEw1NasW00eF7sZjeG3SLBGz001ozxQ46Y9sofDvhBmWFtXQ==",
      "funding": {
        "url": "https://github.com/sponsors/panva"
      }
    }
  },
  "dependencies": {
    "cookie": {
      "version": "0.5.0",
      "resolved": "https://registry.npmjs.org/cookie/-/cookie-0.5.0.tgz",
      "integrity": "sha512-YZ3GUyn/o8gfKJlnlX7g7xq4gyO6OSuhGPKaaGssGB2qgDUS0gPgtTvoyZLTt9Ab6dC4hfc9dV5arkvc/OCmrw=="
    },
    "jose": {
      "version": "4.12.0",
      "resolved": "https://registry.npmjs.org/jose/-/jose-4.12.0.tgz",
      "integrity": "sha512-wW1u3cK81b+SFcHjGC8zw87yuyUweEFe0UJirrXEw1NasW00eF7sZjeG3SLBGz001ozxQ46Y9sofDvhBmWFtXQ=="
    }
  }
}
